{
  "nodes": {
    "fcitx5-im-emoji-picker": {
      "inputs": {
        "nixpkgs": ["nixpkgs"]
      },
      "locked": {
        "lastModified": 1783412045,
        "narHash": "sha256-3IIWREbPuN5JUjXTctVZukxVGYWsbco9U029k3FyVOA=",
        "owner": "lillongg",
        "repo": "nix-fcitx5-im-emoji-picker",
        "rev": "4c6bd2eb6fbd5ca8af999de07e360e6e02e5b41a",
        "type": "github"
      },
      "original": {
        "owner": "lillongg",
        "repo": "nix-fcitx5-im-emoji-picker",
        "type": "github"
      }
    },
    "firefox-addons": {
      "inputs": {
        "flake-utils": "flake-utils",
        "nixpkgs": ["nixpkgs"]
      },
      "locked": {
        "lastModified": 1782282792,
        "narHash": "sha256-TQnowpgCKqo6T9RQjPeow6R2nkolh5VZNprme/b5A80=",
        "owner": "osipog",
        "repo": "nix-firefox-addons",
        "rev": "4a09f1bb1f61ec1e2b6674e4e12978c1eb03809c",
        "type": "github"
      },
      "original": {
        "owner": "osipog",
        "repo": "nix-firefox-addons",
        "type": "github"
      }
    },
    "flake-utils": {
      "inputs": {
        "systems": "systems"
      },
      "locked": {
        "lastModified": 1731533236,
        "narHash": "sha256-l0KFg5HjrsfsO/JpG+r7fRrqm12kzFHyUHqHCVpMMbI=",
        "owner": "numtide",
        "repo": "flake-utils",
        "rev": "11707dc2f618dd54ca8739b309ec4fc024de578b",
        "type": "github"
      },
      "original": {
        "owner": "numtide",
        "repo": "flake-utils",
        "type": "github"
      }
    },
    "home-manager": {
      "inputs": {
        "nixpkgs": ["nixpkgs"]
      },
      "locked": {
        "lastModified": 1782233665,
        "narHash": "sha256-h/xOtrByoA/Ak1lWHn0O1lVZz4qWYbwOSLQ8YSwQO0I=",
        "owner": "nix-community",
        "repo": "home-manager",
        "rev": "062581938b4a378a82dfbb294b494808157153a1",
        "type": "github"
      },
      "original": {
        "owner": "nix-community",
        "repo": "home-manager",
        "type": "github"
      }
    },
    "nixpkgs": {
      "locked": {
        "lastModified": 1781577229,
        "narHash": "sha256-lrp67w8AulE9Ks53n27I45ADSzbOCn4H+CNW1Ck8B+8=",
        "owner": "nixos",
        "repo": "nixpkgs",
        "rev": "567a49d1913ce81ac6e9582e3553dd90a955875f",
        "type": "github"
      },
      "original": {
        "owner": "nixos",
        "ref": "nixos-unstable",
        "repo": "nixpkgs",
        "type": "github"
      }
    },
    "root": {
      "inputs": {
        "fcitx5-im-emoji-picker": "fcitx5-im-emoji-picker",
        "firefox-addons": "firefox-addons",
        "home-manager": "home-manager",
        "nixpkgs": "nixpkgs"
      }
    },
    "systems": {
      "locked": {
        "lastModified": 1681028828,
        "narHash": "sha256-Vy1rq5AaRuLzOxct8nz4T6wlgyUR7zLU309k9mBC768=",
        "owner": "nix-systems",
        "repo": "default",
        "rev": "da67096a3b9bf56a91d16901293e51ba5b49a27e",
        "type": "github"
      },
      "original": {
        "owner": "nix-systems",
        "repo": "default",
        "type": "github"
      }
    }
  },
  "root": "root",
  "version": 7
}
